
Microsoft Visual Studio Solution File, Format Version 12.00
# Visual Studio Version 17
VisualStudioVersion = 17.9.34622.214
MinimumVisualStudioVersion = 10.0.40219.1
Project("{FAE04EC0-301F-11D3-BF4B-00C04F79EFBC}") = "AutomaticCashier.Domain", "AutomaticCashier.Domain.csproj", "{D12088C3-B685-43B0-A304-67361073D025}"
EndProject
Project("{FAE04EC0-301F-11D3-BF4B-00C04F79EFBC}") = "AutomaticCashier.Domain.Test", "..\AutomaticCashier.Domain.Test\AutomaticCashier.Domain.Test.csproj", "{3083FE90-8116-4E82-AD8D-B1A285BDFF17}"
EndProject
Global
	GlobalSection(SolutionConfigurationPlatforms) = preSolution
		Debug|Any CPU = Debug|Any CPU
		Release|Any CPU = Release|Any CPU
	EndGlobalSection
	GlobalSection(ProjectConfigurationPlatforms) = postSolution
		{D12088C3-B685-43B0-A304-67361073D025}.Debug|Any CPU.ActiveCfg = Debug|Any CPU
		{D12088C3-B685-43B0-A304-67361073D025}.Debug|Any CPU.Build.0 = Debug|Any CPU
		{D12088C3-B685-43B0-A304-67361073D025}.Release|Any CPU.ActiveCfg = Release|Any CPU
		{D12088C3-B685-43B0-A304-67361073D025}.Release|Any CPU.Build.0 = Release|Any CPU
		{3083FE90-8116-4E82-AD8D-B1A285BDFF17}.Debug|Any CPU.ActiveCfg = Debug|Any CPU
		{3083FE90-8116-4E82-AD8D-B1A285BDFF17}.Debug|Any CPU.Build.0 = Debug|Any CPU
		{3083FE90-8116-4E82-AD8D-B1A285BDFF17}.Release|Any CPU.ActiveCfg = Release|Any CPU
		{3083FE90-8116-4E82-AD8D-B1A285BDFF17}.Release|Any CPU.Build.0 = Release|Any CPU
	EndGlobalSection
	GlobalSection(SolutionProperties) = preSolution
		HideSolutionNode = FALSE
	EndGlobalSection
	GlobalSection(ExtensibilityGlobals) = postSolution
		SolutionGuid = {A0B6D8BF-E803-40DC-90B9-F34B86E20B99}
	EndGlobalSection
EndGlobal
